{
  "name": "@how-xm/core",
  "version": "0.0.2",
  "lockfileVersion": 2,
  "requires": true,
  "packages": {
    "": {
      "name": "@how-xm/core",
      "version": "0.0.2",
      "license": "ISC",
      "dependencies": {
        "@how-xm/log": "file:../../utils/log"
      },
      "bin": {
        "xm-cli": "bin/index.js"
      }
    },
    "../../utils/log": {
      "version": "0.0.2",
      "license": "ISC",
      "dependencies": {
        "npmlog": "^5.0.1"
      }
    },
    "../../utils/utils": {
      "name": "@how-xm/utils",
      "version": "0.0.2",
      "extraneous": true,
      "license": "ISC"
    },
    "node_modules/@how-xm/log": {
      "resolved": "../../utils/log",
      "link": true
    }
  },
  "dependencies": {
    "@how-xm/log": {
      "version": "file:../../utils/log",
      "requires": {
        "npmlog": "^5.0.1"
      }
    }
  }
}
